<?xml version="1.0" encoding="utf-8"?>
<Project ToolsVersion="4.0" xmlns="http://schemas.microsoft.com/developer/msbuild/2003">
  <ItemGroup>
    <Filter Include="소스 파일">
      <UniqueIdentifier>{4FC737F1-C7A5-4376-A066-2A32D752A2FF}</UniqueIdentifier>
      <Extensions>cpp;c;cc;cxx;c++;cppm;ixx;def;odl;idl;hpj;bat;asm;asmx</Extensions>
    </Filter>
    <Filter Include="헤더 파일">
      <UniqueIdentifier>{93995380-89BD-4b04-88EB-625FBE52EBFB}</UniqueIdentifier>
      <Extensions>h;hh;hpp;hxx;h++;hm;inl;inc;ipp;xsd</Extensions>
    </Filter>
    <Filter Include="리소스 파일">
      <UniqueIdentifier>{67DA6AB6-F800-4c08-8B7A-83BB121AAD01}</UniqueIdentifier>
      <Extensions>rc;ico;cur;bmp;dlg;rc2;rct;bin;rgs;gif;jpg;jpeg;jpe;resx;tiff;tif;png;wav;mfcribbon-ms</Extensions>
    </Filter>
  </ItemGroup>
  <ItemGroup>
    <ClCompile Include="bj8393.c">
      <Filter>소스 파일</Filter>
    </ClCompile>
    <ClCompile Include="bj2557.c">
      <Filter>소스 파일</Filter>
    </ClCompile>
    <ClCompile Include="bj3046.c">
      <Filter>소스 파일</Filter>
    </ClCompile>
    <ClCompile Include="bj10869.c">
      <Filter>소스 파일</Filter>
    </ClCompile>
    <ClCompile Include="bj11654.c">
      <Filter>소스 파일</Filter>
    </ClCompile>
    <ClCompile Include="bj2845.c">
      <Filter>소스 파일</Filter>
    </ClCompile>
    <ClCompile Include="bj9498.c">
      <Filter>소스 파일</Filter>
    </ClCompile>
    <ClCompile Include="bj2753.c">
      <Filter>소스 파일</Filter>
    </ClCompile>
    <ClCompile Include="bj2588.c">
      <Filter>소스 파일</Filter>
    </ClCompile>
    <ClCompile Include="bj2525.c">
      <Filter>소스 파일</Filter>
    </ClCompile>
    <ClCompile Include="bj5543.c">
      <Filter>소스 파일</Filter>
    </ClCompile>
    <ClCompile Include="bj2739.c">
      <Filter>소스 파일</Filter>
    </ClCompile>
    <ClCompile Include="bj2577.c">
      <Filter>소스 파일</Filter>
    </ClCompile>
    <ClCompile Include="bj1065.c">
      <Filter>소스 파일</Filter>
    </ClCompile>
    <ClCompile Include="bj4673.cpp">
      <Filter>소스 파일</Filter>
    </ClCompile>
    <ClCompile Include="bj1427.cpp">
      <Filter>소스 파일</Filter>
    </ClCompile>
    <ClCompile Include="bj10989.cpp">
      <Filter>소스 파일</Filter>
    </ClCompile>
    <ClCompile Include="bj10814.cpp">
      <Filter>소스 파일</Filter>
    </ClCompile>
    <ClCompile Include="bj11651.cpp">
      <Filter>소스 파일</Filter>
    </ClCompile>
    <ClCompile Include="bj11004.cpp">
      <Filter>소스 파일</Filter>
    </ClCompile>
    <ClCompile Include="bj2231.cpp">
      <Filter>소스 파일</Filter>
    </ClCompile>
    <ClCompile Include="bj1436.cpp">
      <Filter>소스 파일</Filter>
    </ClCompile>
    <ClCompile Include="bj2502.cpp">
      <Filter>소스 파일</Filter>
    </ClCompile>
    <ClCompile Include="bj12971.cpp">
      <Filter>소스 파일</Filter>
    </ClCompile>
    <ClCompile Include="bj14501.cpp">
      <Filter>소스 파일</Filter>
    </ClCompile>
    <ClCompile Include="bj1934.cpp">
      <Filter>소스 파일</Filter>
    </ClCompile>
    <ClCompile Include="bj10828.cpp">
      <Filter>소스 파일</Filter>
    </ClCompile>
    <ClCompile Include="bj9012.cpp">
      <Filter>소스 파일</Filter>
    </ClCompile>
    <ClCompile Include="bj1935.cpp">
      <Filter>소스 파일</Filter>
    </ClCompile>
    <ClCompile Include="bj10773.cpp">
      <Filter>소스 파일</Filter>
    </ClCompile>
    <ClCompile Include="bj2504.cpp">
      <Filter>소스 파일</Filter>
    </ClCompile>
    <ClCompile Include="bj3986.cpp">
      <Filter>소스 파일</Filter>
    </ClCompile>
    <ClCompile Include="bj15815.cpp">
      <Filter>소스 파일</Filter>
    </ClCompile>
    <ClCompile Include="bj10845.cpp">
      <Filter>소스 파일</Filter>
    </ClCompile>
    <ClCompile Include="bj1158.cpp">
      <Filter>소스 파일</Filter>
    </ClCompile>
    <ClCompile Include="bj10867.cpp">
      <Filter>소스 파일</Filter>
    </ClCompile>
    <ClCompile Include="bj6212.cpp">
      <Filter>소스 파일</Filter>
    </ClCompile>
    <ClCompile Include="bj10866.cpp">
      <Filter>소스 파일</Filter>
    </ClCompile>
    <ClCompile Include="bj1929.cpp">
      <Filter>소스 파일</Filter>
    </ClCompile>
  </ItemGroup>
</Project>